github.com/CorrectRoadH/regexp_map v0.1.1 h1:PduyBSLMEVUG9Z2i/d1f9x0b2Z/hBaX1/xnLO8MNECc=
github.com/CorrectRoadH/regexp_map v0.1.1/go.mod h1:mJaJxe+ql7Tp/JYT1nye6hs/+FWusBCG1T+mInhysh0=
github.com/CorrectRoadH/regexp_map v0.1.2 h1:hU3F6OWlxge6M7Nb216htHVorSa74Iq869aGpzFNhHQ=
github.com/CorrectRoadH/regexp_map v0.1.2/go.mod h1:7/KQomOU+jdl7mW7/pGWLSvJJy1J+k2meJN8A0UNVV4=
github.com/CorrectRoadH/regexp_map v0.2.0 h1:FTugqNfgcCvsZZwyzUV/qV7gqCrUUeI5nkwIDo2+eJw=
github.com/CorrectRoadH/regexp_map v0.2.0/go.mod h1:I0INFXOAKYhmk9TQZ9/zV206qCbg6elQlzlV/6UFJCI=
